{
  "name": "@tarsislimadev/backend",
  "version": "0.0.1",
  "lockfileVersion": 3,
  "requires": true,
  "packages": {
    "": {
      "name": "@tarsislimadev/backend",
      "version": "0.0.1",
      "license": "MIT",
      "bin": {
        "backend": "bin/index.js"
      },
      "funding": {
        "url": "https://link.mercadopago.com.br/brtmvdl"
      }
    }
  }
}
