{
  "name": "abackend",
  "version": "0.0.4",
  "lockfileVersion": 3,
  "requires": true,
  "packages": {
    "": {
      "name": "abackend",
      "version": "0.0.4",
      "license": "MIT",
      "bin": {
        "abackend": "bin/index.js"
      },
      "funding": {
        "url": "https://link.mercadopago.com.br/brtmvdl"
      }
    }
  }
}
