{
  "name": "app",
  "version": "0.0.1",
  "lockfileVersion": 3,
  "requires": true,
  "packages": {
    "": {
      "name": "app",
      "version": "0.0.1",
      "license": "MIT",
      "dependencies": {
        "abackend": "^0.0.4"
      }
    },
    "node_modules/abackend": {
      "version": "0.0.4",
      "resolved": "https://registry.npmjs.org/abackend/-/abackend-0.0.4.tgz",
      "integrity": "sha512-FNyNugt6GrflA5rggea2zno9ZXJBapqSg/kgIzkwuPZG3g+8WyAaR6qkspvEtMKI2puTk87OCgE1G0uI5sF+tg==",
      "license": "MIT",
      "bin": {
        "abackend": "bin/index.js"
      },
      "funding": {
        "url": "https://link.mercadopago.com.br/brtmvdl"
      }
    }
  }
}
