{
  "name": "abackend-tests",
  "version": "0.0.1",
  "lockfileVersion": 3,
  "requires": true,
  "packages": {
    "": {
      "name": "abackend-tests",
      "version": "0.0.1",
      "license": "MIT",
      "dependencies": {
        "abackend": ".."
      }
    },
    "..": {
      "name": "abackend",
      "version": "0.0.4",
      "license": "MIT",
      "bin": {
        "abackend": "bin/index.js"
      },
      "funding": {
        "url": "https://link.mercadopago.com.br/brtmvdl"
      }
    },
    "node_modules/abackend": {
      "resolved": "..",
      "link": true
    }
  }
}
